
Microsoft Visual Studio Solution File, Format Version 12.00
# Visual Studio 2013
VisualStudioVersion = 12.0.30501.0
MinimumVisualStudioVersion = 10.0.40219.1
Project("{2150E333-8FDC-42A3-9474-1A3956D46DE8}") = "Examples", "Examples", "{9EA20544-22EA-4E60-8D7B-6A9CCFCF0AEA}"
EndProject
Project("{FAE04EC0-301F-11D3-BF4B-00C04F79EFBC}") = "Xero.Api", "Xero.Api\Xero.Api.csproj", "{2EB9F8BA-CCFF-4B43-99A0-5130D368C78F}"
EndProject
Project("{FAE04EC0-301F-11D3-BF4B-00C04F79EFBC}") = "Xero.Api.Example.TokenStores", "Xero.Api.Example.TokenStores\Xero.Api.Example.TokenStores.csproj", "{75B77F26-C2AE-41D9-A34A-A71262C4A926}"
EndProject
Project("{FAE04EC0-301F-11D3-BF4B-00C04F79EFBC}") = "Xero.Api.Example.Creation", "Xero.Api.Example.Creation\Xero.Api.Example.Creation.csproj", "{557D6222-DF69-4134-A31A-E762EAF3DE21}"
EndProject
Project("{2150E333-8FDC-42A3-9474-1A3956D46DE8}") = "Tests", "Tests", "{B2DF83D4-97EB-46C3-8511-6EFF7D6D7D38}"
EndProject
Project("{FAE04EC0-301F-11D3-BF4B-00C04F79EFBC}") = "PayrollTests.US", "PayrollTests.US\PayrollTests.US.csproj", "{92FA4885-5E34-4C28-9573-5FBA9AE91EC6}"
EndProject
Project("{FAE04EC0-301F-11D3-BF4B-00C04F79EFBC}") = "PayrollTests.AU", "PayrollTests.AU\PayrollTests.AU.csproj", "{BBB7EFCE-99DF-4531-95C8-0D029FBDF974}"
EndProject
Project("{FAE04EC0-301F-11D3-BF4B-00C04F79EFBC}") = "Xero.Api.Example.Counts", "Xero.Api.Example.Counts\Xero.Api.Example.Counts.csproj", "{55C40EA3-0583-4C49-855D-6EAB0083D615}"
EndProject
Project("{FAE04EC0-301F-11D3-BF4B-00C04F79EFBC}") = "Xero.Api.Example.Applications", "Xero.Api.Example.Applications\Xero.Api.Example.Applications.csproj", "{D799E8CC-0917-465D-80DF-F8355201D13F}"
EndProject
Project("{FAE04EC0-301F-11D3-BF4B-00C04F79EFBC}") = "CoreTests", "CoreTests\CoreTests.csproj", "{6E24F214-40CC-4891-8028-A068CD7CD4BD}"
EndProject
Project("{2150E333-8FDC-42A3-9474-1A3956D46DE8}") = ".nuget", ".nuget", "{B5782FC4-AA35-44B2-97BC-9E1CAEFC346F}"
	ProjectSection(SolutionItems) = preProject
		.nuget\NuGet.Config = .nuget\NuGet.Config
		.nuget\NuGet.exe = .nuget\NuGet.exe
		.nuget\NuGet.targets = .nuget\NuGet.targets
	EndProjectSection
EndProject
Global
	GlobalSection(SolutionConfigurationPlatforms) = preSolution
		Debug|Any CPU = Debug|Any CPU
		Release|Any CPU = Release|Any CPU
	EndGlobalSection
	GlobalSection(ProjectConfigurationPlatforms) = postSolution
		{2EB9F8BA-CCFF-4B43-99A0-5130D368C78F}.Debug|Any CPU.ActiveCfg = Debug|Any CPU
		{2EB9F8BA-CCFF-4B43-99A0-5130D368C78F}.Debug|Any CPU.Build.0 = Debug|Any CPU
		{2EB9F8BA-CCFF-4B43-99A0-5130D368C78F}.Release|Any CPU.ActiveCfg = Release|Any CPU
		{2EB9F8BA-CCFF-4B43-99A0-5130D368C78F}.Release|Any CPU.Build.0 = Release|Any CPU
		{75B77F26-C2AE-41D9-A34A-A71262C4A926}.Debug|Any CPU.ActiveCfg = Debug|Any CPU
		{75B77F26-C2AE-41D9-A34A-A71262C4A926}.Debug|Any CPU.Build.0 = Debug|Any CPU
		{75B77F26-C2AE-41D9-A34A-A71262C4A926}.Release|Any CPU.ActiveCfg = Release|Any CPU
		{75B77F26-C2AE-41D9-A34A-A71262C4A926}.Release|Any CPU.Build.0 = Release|Any CPU
		{557D6222-DF69-4134-A31A-E762EAF3DE21}.Debug|Any CPU.ActiveCfg = Debug|Any CPU
		{557D6222-DF69-4134-A31A-E762EAF3DE21}.Debug|Any CPU.Build.0 = Debug|Any CPU
		{557D6222-DF69-4134-A31A-E762EAF3DE21}.Release|Any CPU.ActiveCfg = Release|Any CPU
		{557D6222-DF69-4134-A31A-E762EAF3DE21}.Release|Any CPU.Build.0 = Release|Any CPU
		{92FA4885-5E34-4C28-9573-5FBA9AE91EC6}.Debug|Any CPU.ActiveCfg = Debug|Any CPU
		{92FA4885-5E34-4C28-9573-5FBA9AE91EC6}.Debug|Any CPU.Build.0 = Debug|Any CPU
		{92FA4885-5E34-4C28-9573-5FBA9AE91EC6}.Release|Any CPU.ActiveCfg = Release|Any CPU
		{92FA4885-5E34-4C28-9573-5FBA9AE91EC6}.Release|Any CPU.Build.0 = Release|Any CPU
		{BBB7EFCE-99DF-4531-95C8-0D029FBDF974}.Debug|Any CPU.ActiveCfg = Debug|Any CPU
		{BBB7EFCE-99DF-4531-95C8-0D029FBDF974}.Debug|Any CPU.Build.0 = Debug|Any CPU
		{BBB7EFCE-99DF-4531-95C8-0D029FBDF974}.Release|Any CPU.ActiveCfg = Release|Any CPU
		{BBB7EFCE-99DF-4531-95C8-0D029FBDF974}.Release|Any CPU.Build.0 = Release|Any CPU
		{55C40EA3-0583-4C49-855D-6EAB0083D615}.Debug|Any CPU.ActiveCfg = Debug|Any CPU
		{55C40EA3-0583-4C49-855D-6EAB0083D615}.Debug|Any CPU.Build.0 = Debug|Any CPU
		{55C40EA3-0583-4C49-855D-6EAB0083D615}.Release|Any CPU.ActiveCfg = Release|Any CPU
		{55C40EA3-0583-4C49-855D-6EAB0083D615}.Release|Any CPU.Build.0 = Release|Any CPU
		{D799E8CC-0917-465D-80DF-F8355201D13F}.Debug|Any CPU.ActiveCfg = Debug|Any CPU
		{D799E8CC-0917-465D-80DF-F8355201D13F}.Debug|Any CPU.Build.0 = Debug|Any CPU
		{D799E8CC-0917-465D-80DF-F8355201D13F}.Release|Any CPU.ActiveCfg = Release|Any CPU
		{D799E8CC-0917-465D-80DF-F8355201D13F}.Release|Any CPU.Build.0 = Release|Any CPU
		{6E24F214-40CC-4891-8028-A068CD7CD4BD}.Debug|Any CPU.ActiveCfg = Debug|Any CPU
		{6E24F214-40CC-4891-8028-A068CD7CD4BD}.Debug|Any CPU.Build.0 = Debug|Any CPU
		{6E24F214-40CC-4891-8028-A068CD7CD4BD}.Release|Any CPU.ActiveCfg = Release|Any CPU
		{6E24F214-40CC-4891-8028-A068CD7CD4BD}.Release|Any CPU.Build.0 = Release|Any CPU
	EndGlobalSection
	GlobalSection(SolutionProperties) = preSolution
		HideSolutionNode = FALSE
	EndGlobalSection
	GlobalSection(NestedProjects) = preSolution
		{75B77F26-C2AE-41D9-A34A-A71262C4A926} = {9EA20544-22EA-4E60-8D7B-6A9CCFCF0AEA}
		{557D6222-DF69-4134-A31A-E762EAF3DE21} = {9EA20544-22EA-4E60-8D7B-6A9CCFCF0AEA}
		{92FA4885-5E34-4C28-9573-5FBA9AE91EC6} = {B2DF83D4-97EB-46C3-8511-6EFF7D6D7D38}
		{BBB7EFCE-99DF-4531-95C8-0D029FBDF974} = {B2DF83D4-97EB-46C3-8511-6EFF7D6D7D38}
		{55C40EA3-0583-4C49-855D-6EAB0083D615} = {9EA20544-22EA-4E60-8D7B-6A9CCFCF0AEA}
		{D799E8CC-0917-465D-80DF-F8355201D13F} = {9EA20544-22EA-4E60-8D7B-6A9CCFCF0AEA}
		{6E24F214-40CC-4891-8028-A068CD7CD4BD} = {B2DF83D4-97EB-46C3-8511-6EFF7D6D7D38}
	EndGlobalSection
EndGlobal
